// !$*UTF8*$!
{
	archiveVersion = 1;
	classes = {
	};
	objectVersion = 46;
	objects = {

/* Begin PBXBuildFile section */
		53DEC8031C4E753C0069B2D1 /* main.m in Sources */ = {isa = PBXBuildFile; fileRef = 53DEC8021C4E753C0069B2D1 /* main.m */; };
		53DEC8061C4E753C0069B2D1 /* BTWAppDelegate.m in Sources */ = {isa = PBXBuildFile; fileRef = 53DEC8051C4E753C0069B2D1 /* BTWAppDelegate.m */; };
		53DEC8091C4E753C0069B2D1 /* BTWHomeViewController.m in Sources */ = {isa = PBXBuildFile; fileRef = 53DEC8081C4E753C0069B2D1 /* BTWHomeViewController.m */; };
		53DEC80C1C4E753C0069B2D1 /* Main.storyboard in Resources */ = {isa = PBXBuildFile; fileRef = 53DEC80A1C4E753C0069B2D1 /* Main.storyboard */; };
		53DEC80E1C4E753C0069B2D1 /* Assets.xcassets in Resources */ = {isa = PBXBuildFile; fileRef = 53DEC80D1C4E753C0069B2D1 /* Assets.xcassets */; };
		53DEC8111C4E753C0069B2D1 /* LaunchScreen.storyboard in Resources */ = {isa = PBXBuildFile; fileRef = 53DEC80F1C4E753C0069B2D1 /* LaunchScreen.storyboard */; };
		53DEC81C1C4E753C0069B2D1 /* BikeToWorkTests.m in Sources */ = {isa = PBXBuildFile; fileRef = 53DEC81B1C4E753C0069B2D1 /* BikeToWorkTests.m */; };
		53DEC82B1C4E76CC0069B2D1 /* BTWSessionManager.m in Sources */ = {isa = PBXBuildFile; fileRef = 53DEC82A1C4E76CC0069B2D1 /* BTWSessionManager.m */; };
		53DEC8321C4E78110069B2D1 /* BTWModelBase.m in Sources */ = {isa = PBXBuildFile; fileRef = 53DEC8311C4E78110069B2D1 /* BTWModelBase.m */; };
		53DEC8381C4E80EA0069B2D1 /* BTWSessionManager+OpenWeatherApi.m in Sources */ = {isa = PBXBuildFile; fileRef = 53DEC8371C4E80EA0069B2D1 /* BTWSessionManager+OpenWeatherApi.m */; };
		53DEC83D1C4E87130069B2D1 /* BTWWeatherRequest.m in Sources */ = {isa = PBXBuildFile; fileRef = 53DEC83C1C4E87130069B2D1 /* BTWWeatherRequest.m */; };
		53DEC8411C4E90F10069B2D1 /* BTWCoordinate.m in Sources */ = {isa = PBXBuildFile; fileRef = 53DEC8401C4E90F10069B2D1 /* BTWCoordinate.m */; };
		53DEC8441C4E92400069B2D1 /* BTWWeather.m in Sources */ = {isa = PBXBuildFile; fileRef = 53DEC8431C4E92400069B2D1 /* BTWWeather.m */; };
		53DEC8481C4E93FB0069B2D1 /* BTWTemperatures.m in Sources */ = {isa = PBXBuildFile; fileRef = 53DEC8471C4E93FB0069B2D1 /* BTWTemperatures.m */; };
		53DEC84B1C4E9A2B0069B2D1 /* BTWWind.m in Sources */ = {isa = PBXBuildFile; fileRef = 53DEC84A1C4E9A2B0069B2D1 /* BTWWind.m */; };
		53DEC84E1C4E9B3D0069B2D1 /* BTWClouds.m in Sources */ = {isa = PBXBuildFile; fileRef = 53DEC84D1C4E9B3D0069B2D1 /* BTWClouds.m */; };
		53DEC8511C4E9C720069B2D1 /* BTWSystemParameters.m in Sources */ = {isa = PBXBuildFile; fileRef = 53DEC8501C4E9C720069B2D1 /* BTWSystemParameters.m */; };
		53DEC8541C4E9EC60069B2D1 /* BTWWheatherResponse.m in Sources */ = {isa = PBXBuildFile; fileRef = 53DEC8531C4E9EC60069B2D1 /* BTWWheatherResponse.m */; };
		920BF060AB7F10C59609CD54 /* libPods-BikeToWork.a in Frameworks */ = {isa = PBXBuildFile; fileRef = 9597F1D8C18F3F733BFF9ED6 /* libPods-BikeToWork.a */; };
/* End PBXBuildFile section */

/* Begin PBXContainerItemProxy section */
		53DEC8181C4E753C0069B2D1 /* PBXContainerItemProxy */ = {
			isa = PBXContainerItemProxy;
			containerPortal = 53DEC7F61C4E753C0069B2D1 /* Project object */;
			proxyType = 1;
			remoteGlobalIDString = 53DEC7FD1C4E753C0069B2D1;
			remoteInfo = BikeToWork;
		};
/* End PBXContainerItemProxy section */

/* Begin PBXFileReference section */
		53DEC7FE1C4E753C0069B2D1 /* BikeToWork.app */ = {isa = PBXFileReference; explicitFileType = wrapper.application; includeInIndex = 0; path = BikeToWork.app; sourceTree = BUILT_PRODUCTS_DIR; };
		53DEC8021C4E753C0069B2D1 /* main.m */ = {isa = PBXFileReference; lastKnownFileType = sourcecode.c.objc; path = main.m; sourceTree = "<group>"; };
		53DEC8041C4E753C0069B2D1 /* BTWAppDelegate.h */ = {isa = PBXFileReference; lastKnownFileType = sourcecode.c.h; path = BTWAppDelegate.h; sourceTree = "<group>"; };
		53DEC8051C4E753C0069B2D1 /* BTWAppDelegate.m */ = {isa = PBXFileReference; lastKnownFileType = sourcecode.c.objc; path = BTWAppDelegate.m; sourceTree = "<group>"; };
		53DEC8071C4E753C0069B2D1 /* BTWHomeViewController.h */ = {isa = PBXFileReference; lastKnownFileType = sourcecode.c.h; path = BTWHomeViewController.h; sourceTree = "<group>"; };
		53DEC8081C4E753C0069B2D1 /* BTWHomeViewController.m */ = {isa = PBXFileReference; lastKnownFileType = sourcecode.c.objc; path = BTWHomeViewController.m; sourceTree = "<group>"; };
		53DEC80B1C4E753C0069B2D1 /* Base */ = {isa = PBXFileReference; lastKnownFileType = file.storyboard; name = Base; path = Base.lproj/Main.storyboard; sourceTree = "<group>"; };
		53DEC80D1C4E753C0069B2D1 /* Assets.xcassets */ = {isa = PBXFileReference; lastKnownFileType = folder.assetcatalog; path = Assets.xcassets; sourceTree = "<group>"; };
		53DEC8101C4E753C0069B2D1 /* Base */ = {isa = PBXFileReference; lastKnownFileType = file.storyboard; name = Base; path = Base.lproj/LaunchScreen.storyboard; sourceTree = "<group>"; };
		53DEC8121C4E753C0069B2D1 /* Info.plist */ = {isa = PBXFileReference; lastKnownFileType = text.plist.xml; path = Info.plist; sourceTree = "<group>"; };
		53DEC8171C4E753C0069B2D1 /* BikeToWorkTests.xctest */ = {isa = PBXFileReference; explicitFileType = wrapper.cfbundle; includeInIndex = 0; path = BikeToWorkTests.xctest; sourceTree = BUILT_PRODUCTS_DIR; };
		53DEC81B1C4E753C0069B2D1 /* BikeToWorkTests.m */ = {isa = PBXFileReference; lastKnownFileType = sourcecode.c.objc; path = BikeToWorkTests.m; sourceTree = "<group>"; };
		53DEC81D1C4E753C0069B2D1 /* Info.plist */ = {isa = PBXFileReference; lastKnownFileType = text.plist.xml; path = Info.plist; sourceTree = "<group>"; };
		53DEC8291C4E76CC0069B2D1 /* BTWSessionManager.h */ = {isa = PBXFileReference; fileEncoding = 4; lastKnownFileType = sourcecode.c.h; path = BTWSessionManager.h; sourceTree = "<group>"; };
		53DEC82A1C4E76CC0069B2D1 /* BTWSessionManager.m */ = {isa = PBXFileReference; fileEncoding = 4; lastKnownFileType = sourcecode.c.objc; path = BTWSessionManager.m; sourceTree = "<group>"; };
		53DEC8301C4E78110069B2D1 /* BTWModelBase.h */ = {isa = PBXFileReference; fileEncoding = 4; lastKnownFileType = sourcecode.c.h; path = BTWModelBase.h; sourceTree = "<group>"; };
		53DEC8311C4E78110069B2D1 /* BTWModelBase.m */ = {isa = PBXFileReference; fileEncoding = 4; lastKnownFileType = sourcecode.c.objc; path = BTWModelBase.m; sourceTree = "<group>"; };
		53DEC8361C4E80EA0069B2D1 /* BTWSessionManager+OpenWeatherApi.h */ = {isa = PBXFileReference; fileEncoding = 4; lastKnownFileType = sourcecode.c.h; path = "BTWSessionManager+OpenWeatherApi.h"; sourceTree = "<group>"; };
		53DEC8371C4E80EA0069B2D1 /* BTWSessionManager+OpenWeatherApi.m */ = {isa = PBXFileReference; fileEncoding = 4; lastKnownFileType = sourcecode.c.objc; path = "BTWSessionManager+OpenWeatherApi.m"; sourceTree = "<group>"; };
		53DEC83B1C4E87130069B2D1 /* BTWWeatherRequest.h */ = {isa = PBXFileReference; fileEncoding = 4; lastKnownFileType = sourcecode.c.h; path = BTWWeatherRequest.h; sourceTree = "<group>"; };
		53DEC83C1C4E87130069B2D1 /* BTWWeatherRequest.m */ = {isa = PBXFileReference; fileEncoding = 4; lastKnownFileType = sourcecode.c.objc; path = BTWWeatherRequest.m; sourceTree = "<group>"; };
		53DEC83F1C4E90F10069B2D1 /* BTWCoordinate.h */ = {isa = PBXFileReference; fileEncoding = 4; lastKnownFileType = sourcecode.c.h; path = BTWCoordinate.h; sourceTree = "<group>"; };
		53DEC8401C4E90F10069B2D1 /* BTWCoordinate.m */ = {isa = PBXFileReference; fileEncoding = 4; lastKnownFileType = sourcecode.c.objc; path = BTWCoordinate.m; sourceTree = "<group>"; };
		53DEC8421C4E92400069B2D1 /* BTWWeather.h */ = {isa = PBXFileReference; fileEncoding = 4; lastKnownFileType = sourcecode.c.h; path = BTWWeather.h; sourceTree = "<group>"; };
		53DEC8431C4E92400069B2D1 /* BTWWeather.m */ = {isa = PBXFileReference; fileEncoding = 4; lastKnownFileType = sourcecode.c.objc; path = BTWWeather.m; sourceTree = "<group>"; };
		53DEC8461C4E93FB0069B2D1 /* BTWTemperatures.h */ = {isa = PBXFileReference; fileEncoding = 4; lastKnownFileType = sourcecode.c.h; path = BTWTemperatures.h; sourceTree = "<group>"; };
		53DEC8471C4E93FB0069B2D1 /* BTWTemperatures.m */ = {isa = PBXFileReference; fileEncoding = 4; lastKnownFileType = sourcecode.c.objc; path = BTWTemperatures.m; sourceTree = "<group>"; };
		53DEC8491C4E9A2B0069B2D1 /* BTWWind.h */ = {isa = PBXFileReference; fileEncoding = 4; lastKnownFileType = sourcecode.c.h; path = BTWWind.h; sourceTree = "<group>"; };
		53DEC84A1C4E9A2B0069B2D1 /* BTWWind.m */ = {isa = PBXFileReference; fileEncoding = 4; lastKnownFileType = sourcecode.c.objc; path = BTWWind.m; sourceTree = "<group>"; };
		53DEC84C1C4E9B3D0069B2D1 /* BTWClouds.h */ = {isa = PBXFileReference; fileEncoding = 4; lastKnownFileType = sourcecode.c.h; path = BTWClouds.h; sourceTree = "<group>"; };
		53DEC84D1C4E9B3D0069B2D1 /* BTWClouds.m */ = {isa = PBXFileReference; fileEncoding = 4; lastKnownFileType = sourcecode.c.objc; path = BTWClouds.m; sourceTree = "<group>"; };
		53DEC84F1C4E9C720069B2D1 /* BTWSystemParameters.h */ = {isa = PBXFileReference; fileEncoding = 4; lastKnownFileType = sourcecode.c.h; path = BTWSystemParameters.h; sourceTree = "<group>"; };
		53DEC8501C4E9C720069B2D1 /* BTWSystemParameters.m */ = {isa = PBXFileReference; fileEncoding = 4; lastKnownFileType = sourcecode.c.objc; path = BTWSystemParameters.m; sourceTree = "<group>"; };
		53DEC8521C4E9EC60069B2D1 /* BTWWheatherResponse.h */ = {isa = PBXFileReference; fileEncoding = 4; lastKnownFileType = sourcecode.c.h; path = BTWWheatherResponse.h; sourceTree = "<group>"; };
		53DEC8531C4E9EC60069B2D1 /* BTWWheatherResponse.m */ = {isa = PBXFileReference; fileEncoding = 4; lastKnownFileType = sourcecode.c.objc; path = BTWWheatherResponse.m; sourceTree = "<group>"; };
		9597F1D8C18F3F733BFF9ED6 /* libPods-BikeToWork.a */ = {isa = PBXFileReference; explicitFileType = archive.ar; includeInIndex = 0; path = "libPods-BikeToWork.a"; sourceTree = BUILT_PRODUCTS_DIR; };
		B3237244D949E4B35E182207 /* Pods-BikeToWork.release.xcconfig */ = {isa = PBXFileReference; includeInIndex = 1; lastKnownFileType = text.xcconfig; name = "Pods-BikeToWork.release.xcconfig"; path = "Pods/Target Support Files/Pods-BikeToWork/Pods-BikeToWork.release.xcconfig"; sourceTree = "<group>"; };
		B6F2BDD62CA772C1C3834047 /* Pods-BikeToWork.debug.xcconfig */ = {isa = PBXFileReference; includeInIndex = 1; lastKnownFileType = text.xcconfig; name = "Pods-BikeToWork.debug.xcconfig"; path = "Pods/Target Support Files/Pods-BikeToWork/Pods-BikeToWork.debug.xcconfig"; sourceTree = "<group>"; };
/* End PBXFileReference section */

/* Begin PBXFrameworksBuildPhase section */
		53DEC7FB1C4E753C0069B2D1 /* Frameworks */ = {
			isa = PBXFrameworksBuildPhase;
			buildActionMask = 2147483647;
			files = (
				920BF060AB7F10C59609CD54 /* libPods-BikeToWork.a in Frameworks */,
			);
			runOnlyForDeploymentPostprocessing = 0;
		};
		53DEC8141C4E753C0069B2D1 /* Frameworks */ = {
			isa = PBXFrameworksBuildPhase;
			buildActionMask = 2147483647;
			files = (
			);
			runOnlyForDeploymentPostprocessing = 0;
		};
/* End PBXFrameworksBuildPhase section */

/* Begin PBXGroup section */
		0BBDB83287DFAB0DD9C49DC2 /* Pods */ = {
			isa = PBXGroup;
			children = (
				B6F2BDD62CA772C1C3834047 /* Pods-BikeToWork.debug.xcconfig */,
				B3237244D949E4B35E182207 /* Pods-BikeToWork.release.xcconfig */,
			);
			name = Pods;
			sourceTree = "<group>";
		};
		534983AEFB7D065E1E4D77B8 /* Frameworks */ = {
			isa = PBXGroup;
			children = (
				9597F1D8C18F3F733BFF9ED6 /* libPods-BikeToWork.a */,
			);
			name = Frameworks;
			sourceTree = "<group>";
		};
		53DEC7F51C4E753C0069B2D1 = {
			isa = PBXGroup;
			children = (
				53DEC8001C4E753C0069B2D1 /* BikeToWork */,
				53DEC81A1C4E753C0069B2D1 /* BikeToWorkTests */,
				534983AEFB7D065E1E4D77B8 /* Frameworks */,
				0BBDB83287DFAB0DD9C49DC2 /* Pods */,
				53DEC7FF1C4E753C0069B2D1 /* Products */,
			);
			sourceTree = "<group>";
		};
		53DEC7FF1C4E753C0069B2D1 /* Products */ = {
			isa = PBXGroup;
			children = (
				53DEC7FE1C4E753C0069B2D1 /* BikeToWork.app */,
				53DEC8171C4E753C0069B2D1 /* BikeToWorkTests.xctest */,
			);
			name = Products;
			sourceTree = "<group>";
		};
		53DEC8001C4E753C0069B2D1 /* BikeToWork */ = {
			isa = PBXGroup;
			children = (
				53DEC8261C4E75500069B2D1 /* Commons */,
				53DEC8281C4E75570069B2D1 /* Controllers */,
				53DEC82C1C4E77A10069B2D1 /* Models */,
				53DEC8271C4E75540069B2D1 /* Network */,
				53DEC8011C4E753C0069B2D1 /* Supporting Files */,
				53DEC80D1C4E753C0069B2D1 /* Assets.xcassets */,
				53DEC8121C4E753C0069B2D1 /* Info.plist */,
				53DEC80F1C4E753C0069B2D1 /* LaunchScreen.storyboard */,
				53DEC80A1C4E753C0069B2D1 /* Main.storyboard */,
			);
			path = BikeToWork;
			sourceTree = "<group>";
		};
		53DEC8011C4E753C0069B2D1 /* Supporting Files */ = {
			isa = PBXGroup;
			children = (
				53DEC8021C4E753C0069B2D1 /* main.m */,
			);
			path = "Supporting Files";
			sourceTree = "<group>";
		};
		53DEC81A1C4E753C0069B2D1 /* BikeToWorkTests */ = {
			isa = PBXGroup;
			children = (
				53DEC81B1C4E753C0069B2D1 /* BikeToWorkTests.m */,
				53DEC81D1C4E753C0069B2D1 /* Info.plist */,
			);
			path = BikeToWorkTests;
			sourceTree = "<group>";
		};
		53DEC8261C4E75500069B2D1 /* Commons */ = {
			isa = PBXGroup;
			children = (
				53DEC8041C4E753C0069B2D1 /* BTWAppDelegate.h */,
				53DEC8051C4E753C0069B2D1 /* BTWAppDelegate.m */,
			);
			path = Commons;
			sourceTree = "<group>";
		};
		53DEC8271C4E75540069B2D1 /* Network */ = {
			isa = PBXGroup;
			children = (
				53DEC8291C4E76CC0069B2D1 /* BTWSessionManager.h */,
				53DEC82A1C4E76CC0069B2D1 /* BTWSessionManager.m */,
				53DEC8361C4E80EA0069B2D1 /* BTWSessionManager+OpenWeatherApi.h */,
				53DEC8371C4E80EA0069B2D1 /* BTWSessionManager+OpenWeatherApi.m */,
			);
			path = Network;
			sourceTree = "<group>";
		};
		53DEC8281C4E75570069B2D1 /* Controllers */ = {
			isa = PBXGroup;
			children = (
				53DEC8071C4E753C0069B2D1 /* BTWHomeViewController.h */,
				53DEC8081C4E753C0069B2D1 /* BTWHomeViewController.m */,
			);
			path = Controllers;
			sourceTree = "<group>";
		};
		53DEC82C1C4E77A10069B2D1 /* Models */ = {
			isa = PBXGroup;
			children = (
				53DEC8301C4E78110069B2D1 /* BTWModelBase.h */,
				53DEC8311C4E78110069B2D1 /* BTWModelBase.m */,
				53DEC83B1C4E87130069B2D1 /* BTWWeatherRequest.h */,
				53DEC83C1C4E87130069B2D1 /* BTWWeatherRequest.m */,
				53DEC83F1C4E90F10069B2D1 /* BTWCoordinate.h */,
				53DEC8401C4E90F10069B2D1 /* BTWCoordinate.m */,
				53DEC8421C4E92400069B2D1 /* BTWWeather.h */,
				53DEC8431C4E92400069B2D1 /* BTWWeather.m */,
				53DEC8461C4E93FB0069B2D1 /* BTWTemperatures.h */,
				53DEC8471C4E93FB0069B2D1 /* BTWTemperatures.m */,
				53DEC8491C4E9A2B0069B2D1 /* BTWWind.h */,
				53DEC84A1C4E9A2B0069B2D1 /* BTWWind.m */,
				53DEC84C1C4E9B3D0069B2D1 /* BTWClouds.h */,
				53DEC84D1C4E9B3D0069B2D1 /* BTWClouds.m */,
				53DEC84F1C4E9C720069B2D1 /* BTWSystemParameters.h */,
				53DEC8501C4E9C720069B2D1 /* BTWSystemParameters.m */,
				53DEC8521C4E9EC60069B2D1 /* BTWWheatherResponse.h */,
				53DEC8531C4E9EC60069B2D1 /* BTWWheatherResponse.m */,
			);
			path = Models;
			sourceTree = "<group>";
		};
/* End PBXGroup section */

/* Begin PBXNativeTarget section */
		53DEC7FD1C4E753C0069B2D1 /* BikeToWork */ = {
			isa = PBXNativeTarget;
			buildConfigurationList = 53DEC8201C4E753C0069B2D1 /* Build configuration list for PBXNativeTarget "BikeToWork" */;
			buildPhases = (
				C1943F65BE213BCC22864E71 /* Check Pods Manifest.lock */,
				53DEC7FA1C4E753C0069B2D1 /* Sources */,
				53DEC7FB1C4E753C0069B2D1 /* Frameworks */,
				53DEC7FC1C4E753C0069B2D1 /* Resources */,
				B8CDFDFE513E10B46420E842 /* Embed Pods Frameworks */,
				32ACA00D4CB64684E74D3EBF /* Copy Pods Resources */,
			);
			buildRules = (
			);
			dependencies = (
			);
			name = BikeToWork;
			productName = BikeToWork;
			productReference = 53DEC7FE1C4E753C0069B2D1 /* BikeToWork.app */;
			productType = "com.apple.product-type.application";
		};
		53DEC8161C4E753C0069B2D1 /* BikeToWorkTests */ = {
			isa = PBXNativeTarget;
			buildConfigurationList = 53DEC8231C4E753C0069B2D1 /* Build configuration list for PBXNativeTarget "BikeToWorkTests" */;
			buildPhases = (
				53DEC8131C4E753C0069B2D1 /* Sources */,
				53DEC8141C4E753C0069B2D1 /* Frameworks */,
				53DEC8151C4E753C0069B2D1 /* Resources */,
			);
			buildRules = (
			);
			dependencies = (
				53DEC8191C4E753C0069B2D1 /* PBXTargetDependency */,
			);
			name = BikeToWorkTests;
			productName = BikeToWorkTests;
			productReference = 53DEC8171C4E753C0069B2D1 /* BikeToWorkTests.xctest */;
			productType = "com.apple.product-type.bundle.unit-test";
		};
/* End PBXNativeTarget section */

/* Begin PBXProject section */
		53DEC7F61C4E753C0069B2D1 /* Project object */ = {
			isa = PBXProject;
			attributes = {
				CLASSPREFIX = BTW;
				LastUpgradeCheck = 0720;
				ORGANIZATIONNAME = "Data Empire";
				TargetAttributes = {
					53DEC7FD1C4E753C0069B2D1 = {
						CreatedOnToolsVersion = 7.2;
						DevelopmentTeam = LQ5WW9469F;
					};
					53DEC8161C4E753C0069B2D1 = {
						CreatedOnToolsVersion = 7.2;
						DevelopmentTeam = LQ5WW9469F;
						TestTargetID = 53DEC7FD1C4E753C0069B2D1;
					};
				};
			};
			buildConfigurationList = 53DEC7F91C4E753C0069B2D1 /* Build configuration list for PBXProject "BikeToWork" */;
			compatibilityVersion = "Xcode 3.2";
			developmentRegion = English;
			hasScannedForEncodings = 0;
			knownRegions = (
				en,
				Base,
			);
			mainGroup = 53DEC7F51C4E753C0069B2D1;
			productRefGroup = 53DEC7FF1C4E753C0069B2D1 /* Products */;
			projectDirPath = "";
			projectRoot = "";
			targets = (
				53DEC7FD1C4E753C0069B2D1 /* BikeToWork */,
				53DEC8161C4E753C0069B2D1 /* BikeToWorkTests */,
			);
		};
/* End PBXProject section */

/* Begin PBXResourcesBuildPhase section */
		53DEC7FC1C4E753C0069B2D1 /* Resources */ = {
			isa = PBXResourcesBuildPhase;
			buildActionMask = 2147483647;
			files = (
				53DEC8111C4E753C0069B2D1 /* LaunchScreen.storyboard in Resources */,
				53DEC80E1C4E753C0069B2D1 /* Assets.xcassets in Resources */,
				53DEC80C1C4E753C0069B2D1 /* Main.storyboard in Resources */,
			);
			runOnlyForDeploymentPostprocessing = 0;
		};
		53DEC8151C4E753C0069B2D1 /* Resources */ = {
			isa = PBXResourcesBuildPhase;
			buildActionMask = 2147483647;
			files = (
			);
			runOnlyForDeploymentPostprocessing = 0;
		};
/* End PBXResourcesBuildPhase section */

/* Begin PBXShellScriptBuildPhase section */
		32ACA00D4CB64684E74D3EBF /* Copy Pods Resources */ = {
			isa = PBXShellScriptBuildPhase;
			buildActionMask = 2147483647;
			files = (
			);
			inputPaths = (
			);
			name = "Copy Pods Resources";
			outputPaths = (
			);
			runOnlyForDeploymentPostprocessing = 0;
			shellPath = /bin/sh;
			shellScript = "\"${SRCROOT}/Pods/Target Support Files/Pods-BikeToWork/Pods-BikeToWork-resources.sh\"\n";
			showEnvVarsInLog = 0;
		};
		B8CDFDFE513E10B46420E842 /* Embed Pods Frameworks */ = {
			isa = PBXShellScriptBuildPhase;
			buildActionMask = 2147483647;
			files = (
			);
			inputPaths = (
			);
			name = "Embed Pods Frameworks";
			outputPaths = (
			);
			runOnlyForDeploymentPostprocessing = 0;
			shellPath = /bin/sh;
			shellScript = "\"${SRCROOT}/Pods/Target Support Files/Pods-BikeToWork/Pods-BikeToWork-frameworks.sh\"\n";
			showEnvVarsInLog = 0;
		};
		C1943F65BE213BCC22864E71 /* Check Pods Manifest.lock */ = {
			isa = PBXShellScriptBuildPhase;
			buildActionMask = 2147483647;
			files = (
			);
			inputPaths = (
			);
			name = "Check Pods Manifest.lock";
			outputPaths = (
			);
			runOnlyForDeploymentPostprocessing = 0;
			shellPath = /bin/sh;
			shellScript = "diff \"${PODS_ROOT}/../Podfile.lock\" \"${PODS_ROOT}/Manifest.lock\" > /dev/null\nif [[ $? != 0 ]] ; then\n    cat << EOM\nerror: The sandbox is not in sync with the Podfile.lock. Run 'pod install' or update your CocoaPods installation.\nEOM\n    exit 1\nfi\n";
			showEnvVarsInLog = 0;
		};
/* End PBXShellScriptBuildPhase section */

/* Begin PBXSourcesBuildPhase section */
		53DEC7FA1C4E753C0069B2D1 /* Sources */ = {
			isa = PBXSourcesBuildPhase;
			buildActionMask = 2147483647;
			files = (
				53DEC8381C4E80EA0069B2D1 /* BTWSessionManager+OpenWeatherApi.m in Sources */,
				53DEC84E1C4E9B3D0069B2D1 /* BTWClouds.m in Sources */,
				53DEC8321C4E78110069B2D1 /* BTWModelBase.m in Sources */,
				53DEC8441C4E92400069B2D1 /* BTWWeather.m in Sources */,
				53DEC8091C4E753C0069B2D1 /* BTWHomeViewController.m in Sources */,
				53DEC8061C4E753C0069B2D1 /* BTWAppDelegate.m in Sources */,
				53DEC8541C4E9EC60069B2D1 /* BTWWheatherResponse.m in Sources */,
				53DEC82B1C4E76CC0069B2D1 /* BTWSessionManager.m in Sources */,
				53DEC8031C4E753C0069B2D1 /* main.m in Sources */,
				53DEC84B1C4E9A2B0069B2D1 /* BTWWind.m in Sources */,
				53DEC8481C4E93FB0069B2D1 /* BTWTemperatures.m in Sources */,
				53DEC83D1C4E87130069B2D1 /* BTWWeatherRequest.m in Sources */,
				53DEC8511C4E9C720069B2D1 /* BTWSystemParameters.m in Sources */,
				53DEC8411C4E90F10069B2D1 /* BTWCoordinate.m in Sources */,
			);
			runOnlyForDeploymentPostprocessing = 0;
		};
		53DEC8131C4E753C0069B2D1 /* Sources */ = {
			isa = PBXSourcesBuildPhase;
			buildActionMask = 2147483647;
			files = (
				53DEC81C1C4E753C0069B2D1 /* BikeToWorkTests.m in Sources */,
			);
			runOnlyForDeploymentPostprocessing = 0;
		};
/* End PBXSourcesBuildPhase section */

/* Begin PBXTargetDependency section */
		53DEC8191C4E753C0069B2D1 /* PBXTargetDependency */ = {
			isa = PBXTargetDependency;
			target = 53DEC7FD1C4E753C0069B2D1 /* BikeToWork */;
			targetProxy = 53DEC8181C4E753C0069B2D1 /* PBXContainerItemProxy */;
		};
/* End PBXTargetDependency section */

/* Begin PBXVariantGroup section */
		53DEC80A1C4E753C0069B2D1 /* Main.storyboard */ = {
			isa = PBXVariantGroup;
			children = (
				53DEC80B1C4E753C0069B2D1 /* Base */,
			);
			name = Main.storyboard;
			path = .;
			sourceTree = "<group>";
		};
		53DEC80F1C4E753C0069B2D1 /* LaunchScreen.storyboard */ = {
			isa = PBXVariantGroup;
			children = (
				53DEC8101C4E753C0069B2D1 /* Base */,
			);
			name = LaunchScreen.storyboard;
			path = .;
			sourceTree = "<group>";
		};
/* End PBXVariantGroup section */

/* Begin XCBuildConfiguration section */
		53DEC81E1C4E753C0069B2D1 /* Debug */ = {
			isa = XCBuildConfiguration;
			buildSettings = {
				ALWAYS_SEARCH_USER_PATHS = NO;
				CLANG_CXX_LANGUAGE_STANDARD = "gnu++0x";
				CLANG_CXX_LIBRARY = "libc++";
				CLANG_ENABLE_MODULES = YES;
				CLANG_ENABLE_OBJC_ARC = YES;
				CLANG_WARN_BOOL_CONVERSION = YES;
				CLANG_WARN_CONSTANT_CONVERSION = YES;
				CLANG_WARN_DIRECT_OBJC_ISA_USAGE = YES_ERROR;
				CLANG_WARN_EMPTY_BODY = YES;
				CLANG_WARN_ENUM_CONVERSION = YES;
				CLANG_WARN_INT_CONVERSION = YES;
				CLANG_WARN_OBJC_ROOT_CLASS = YES_ERROR;
				CLANG_WARN_UNREACHABLE_CODE = YES;
				CLANG_WARN__DUPLICATE_METHOD_MATCH = YES;
				"CODE_SIGN_IDENTITY[sdk=iphoneos*]" = "iPhone Developer";
				COPY_PHASE_STRIP = NO;
				DEBUG_INFORMATION_FORMAT = dwarf;
				ENABLE_STRICT_OBJC_MSGSEND = YES;
				ENABLE_TESTABILITY = YES;
				GCC_C_LANGUAGE_STANDARD = gnu99;
				GCC_DYNAMIC_NO_PIC = NO;
				GCC_NO_COMMON_BLOCKS = YES;
				GCC_OPTIMIZATION_LEVEL = 0;
				GCC_PREPROCESSOR_DEFINITIONS = (
					"DEBUG=1",
					"$(inherited)",
				);
				GCC_WARN_64_TO_32_BIT_CONVERSION = YES;
				GCC_WARN_ABOUT_RETURN_TYPE = YES_ERROR;
				GCC_WARN_UNDECLARED_SELECTOR = YES;
				GCC_WARN_UNINITIALIZED_AUTOS = YES_AGGRESSIVE;
				GCC_WARN_UNUSED_FUNCTION = YES;
				GCC_WARN_UNUSED_VARIABLE = YES;
				IPHONEOS_DEPLOYMENT_TARGET = 9.2;
				MTL_ENABLE_DEBUG_INFO = YES;
				ONLY_ACTIVE_ARCH = YES;
				SDKROOT = iphoneos;
				TARGETED_DEVICE_FAMILY = "1,2";
			};
			name = Debug;
		};
		53DEC81F1C4E753C0069B2D1 /* Release */ = {
			isa = XCBuildConfiguration;
			buildSettings = {
				ALWAYS_SEARCH_USER_PATHS = NO;
				CLANG_CXX_LANGUAGE_STANDARD = "gnu++0x";
				CLANG_CXX_LIBRARY = "libc++";
				CLANG_ENABLE_MODULES = YES;
				CLANG_ENABLE_OBJC_ARC = YES;
				CLANG_WARN_BOOL_CONVERSION = YES;
				CLANG_WARN_CONSTANT_CONVERSION = YES;
				CLANG_WARN_DIRECT_OBJC_ISA_USAGE = YES_ERROR;
				CLANG_WARN_EMPTY_BODY = YES;
				CLANG_WARN_ENUM_CONVERSION = YES;
				CLANG_WARN_INT_CONVERSION = YES;
				CLANG_WARN_OBJC_ROOT_CLASS = YES_ERROR;
				CLANG_WARN_UNREACHABLE_CODE = YES;
				CLANG_WARN__DUPLICATE_METHOD_MATCH = YES;
				"CODE_SIGN_IDENTITY[sdk=iphoneos*]" = "iPhone Developer";
				COPY_PHASE_STRIP = NO;
				DEBUG_INFORMATION_FORMAT = "dwarf-with-dsym";
				ENABLE_NS_ASSERTIONS = NO;
				ENABLE_STRICT_OBJC_MSGSEND = YES;
				GCC_C_LANGUAGE_STANDARD = gnu99;
				GCC_NO_COMMON_BLOCKS = YES;
				GCC_WARN_64_TO_32_BIT_CONVERSION = YES;
				GCC_WARN_ABOUT_RETURN_TYPE = YES_ERROR;
				GCC_WARN_UNDECLARED_SELECTOR = YES;
				GCC_WARN_UNINITIALIZED_AUTOS = YES_AGGRESSIVE;
				GCC_WARN_UNUSED_FUNCTION = YES;
				GCC_WARN_UNUSED_VARIABLE = YES;
				IPHONEOS_DEPLOYMENT_TARGET = 9.2;
				MTL_ENABLE_DEBUG_INFO = NO;
				SDKROOT = iphoneos;
				TARGETED_DEVICE_FAMILY = "1,2";
				VALIDATE_PRODUCT = YES;
			};
			name = Release;
		};
		53DEC8211C4E753C0069B2D1 /* Debug */ = {
			isa = XCBuildConfiguration;
			baseConfigurationReference = B6F2BDD62CA772C1C3834047 /* Pods-BikeToWork.debug.xcconfig */;
			buildSettings = {
				ASSETCATALOG_COMPILER_APPICON_NAME = AppIcon;
				INFOPLIST_FILE = BikeToWork/Info.plist;
				LD_RUNPATH_SEARCH_PATHS = "$(inherited) @executable_path/Frameworks";
				PRODUCT_BUNDLE_IDENTIFIER = "info.data-empire.BikeToWork";
				PRODUCT_NAME = "$(TARGET_NAME)";
			};
			name = Debug;
		};
		53DEC8221C4E753C0069B2D1 /* Release */ = {
			isa = XCBuildConfiguration;
			baseConfigurationReference = B3237244D949E4B35E182207 /* Pods-BikeToWork.release.xcconfig */;
			buildSettings = {
				ASSETCATALOG_COMPILER_APPICON_NAME = AppIcon;
				INFOPLIST_FILE = BikeToWork/Info.plist;
				LD_RUNPATH_SEARCH_PATHS = "$(inherited) @executable_path/Frameworks";
				PRODUCT_BUNDLE_IDENTIFIER = "info.data-empire.BikeToWork";
				PRODUCT_NAME = "$(TARGET_NAME)";
			};
			name = Release;
		};
		53DEC8241C4E753C0069B2D1 /* Debug */ = {
			isa = XCBuildConfiguration;
			buildSettings = {
				BUNDLE_LOADER = "$(TEST_HOST)";
				INFOPLIST_FILE = BikeToWorkTests/Info.plist;
				LD_RUNPATH_SEARCH_PATHS = "$(inherited) @executable_path/Frameworks @loader_path/Frameworks";
				PRODUCT_BUNDLE_IDENTIFIER = "info.data-empire.BikeToWorkTests";
				PRODUCT_NAME = "$(TARGET_NAME)";
				TEST_HOST = "$(BUILT_PRODUCTS_DIR)/BikeToWork.app/BikeToWork";
			};
			name = Debug;
		};
		53DEC8251C4E753C0069B2D1 /* Release */ = {
			isa = XCBuildConfiguration;
			buildSettings = {
				BUNDLE_LOADER = "$(TEST_HOST)";
				INFOPLIST_FILE = BikeToWorkTests/Info.plist;
				LD_RUNPATH_SEARCH_PATHS = "$(inherited) @executable_path/Frameworks @loader_path/Frameworks";
				PRODUCT_BUNDLE_IDENTIFIER = "info.data-empire.BikeToWorkTests";
				PRODUCT_NAME = "$(TARGET_NAME)";
				TEST_HOST = "$(BUILT_PRODUCTS_DIR)/BikeToWork.app/BikeToWork";
			};
			name = Release;
		};
/* End XCBuildConfiguration section */

/* Begin XCConfigurationList section */
		53DEC7F91C4E753C0069B2D1 /* Build configuration list for PBXProject "BikeToWork" */ = {
			isa = XCConfigurationList;
			buildConfigurations = (
				53DEC81E1C4E753C0069B2D1 /* Debug */,
				53DEC81F1C4E753C0069B2D1 /* Release */,
			);
			defaultConfigurationIsVisible = 0;
			defaultConfigurationName = Release;
		};
		53DEC8201C4E753C0069B2D1 /* Build configuration list for PBXNativeTarget "BikeToWork" */ = {
			isa = XCConfigurationList;
			buildConfigurations = (
				53DEC8211C4E753C0069B2D1 /* Debug */,
				53DEC8221C4E753C0069B2D1 /* Release */,
			);
			defaultConfigurationIsVisible = 0;
			defaultConfigurationName = Release;
		};
		53DEC8231C4E753C0069B2D1 /* Build configuration list for PBXNativeTarget "BikeToWorkTests" */ = {
			isa = XCConfigurationList;
			buildConfigurations = (
				53DEC8241C4E753C0069B2D1 /* Debug */,
				53DEC8251C4E753C0069B2D1 /* Release */,
			);
			defaultConfigurationIsVisible = 0;
			defaultConfigurationName = Release;
		};
/* End XCConfigurationList section */
	};
	rootObject = 53DEC7F61C4E753C0069B2D1 /* Project object */;
}
